
Microsoft Visual Studio Solution File, Format Version 12.00
# Visual Studio Version 17
VisualStudioVersion = 17.0.32112.339
MinimumVisualStudioVersion = 10.0.40219.1
Project("{9A19103F-16F7-4668-BE54-9A1E7A4F7556}") = "GSLP.WebApi", "GSLP.WebApi\GSLP.WebApi.csproj", "{5B085394-6DB3-4206-AC3C-9DE2816AFB6C}"
EndProject
Project("{9A19103F-16F7-4668-BE54-9A1E7A4F7556}") = "GSLP.Application", "GSLP.Application\GSLP.Application.csproj", "{C0FDB585-90F3-4D6B-B79B-EFCE33699486}"
EndProject
Project("{9A19103F-16F7-4668-BE54-9A1E7A4F7556}") = "GSLP.Infrastructure", "GSLP.Infrastructure\GSLP.Infrastructure.csproj", "{B2EE8400-B120-473E-9F47-6084921D0862}"
EndProject
Project("{9A19103F-16F7-4668-BE54-9A1E7A4F7556}") = "GSLP.Domain", "GSLP.Domain\GSLP.Domain.csproj", "{8323A828-0F03-4AB3-9D2E-5EF1FC210AC6}"
EndProject
Project("{FAE04EC0-301F-11D3-BF4B-00C04F79EFBC}") = "GSLP.Reports", "GSLP.Reports\GSLP.Reports.csproj", "{FC02DF9F-C407-405D-9492-9CCB0F4FD084}"
EndProject
Global
	GlobalSection(SolutionConfigurationPlatforms) = preSolution
		Debug|Any CPU = Debug|Any CPU
		Release|Any CPU = Release|Any CPU
	EndGlobalSection
	GlobalSection(ProjectConfigurationPlatforms) = postSolution
		{5B085394-6DB3-4206-AC3C-9DE2816AFB6C}.Debug|Any CPU.ActiveCfg = Debug|Any CPU
		{5B085394-6DB3-4206-AC3C-9DE2816AFB6C}.Debug|Any CPU.Build.0 = Debug|Any CPU
		{5B085394-6DB3-4206-AC3C-9DE2816AFB6C}.Release|Any CPU.ActiveCfg = Release|Any CPU
		{5B085394-6DB3-4206-AC3C-9DE2816AFB6C}.Release|Any CPU.Build.0 = Release|Any CPU
		{39EE9959-0F0A-4BB8-927B-6993550419D4}.Debug|Any CPU.ActiveCfg = Debug|Any CPU
		{39EE9959-0F0A-4BB8-927B-6993550419D4}.Debug|Any CPU.Build.0 = Debug|Any CPU
		{39EE9959-0F0A-4BB8-927B-6993550419D4}.Release|Any CPU.ActiveCfg = Release|Any CPU
		{39EE9959-0F0A-4BB8-927B-6993550419D4}.Release|Any CPU.Build.0 = Release|Any CPU
		{C0FDB585-90F3-4D6B-B79B-EFCE33699486}.Debug|Any CPU.ActiveCfg = Debug|Any CPU
		{C0FDB585-90F3-4D6B-B79B-EFCE33699486}.Debug|Any CPU.Build.0 = Debug|Any CPU
		{C0FDB585-90F3-4D6B-B79B-EFCE33699486}.Release|Any CPU.ActiveCfg = Release|Any CPU
		{C0FDB585-90F3-4D6B-B79B-EFCE33699486}.Release|Any CPU.Build.0 = Release|Any CPU
		{B2EE8400-B120-473E-9F47-6084921D0862}.Debug|Any CPU.ActiveCfg = Debug|Any CPU
		{B2EE8400-B120-473E-9F47-6084921D0862}.Debug|Any CPU.Build.0 = Debug|Any CPU
		{B2EE8400-B120-473E-9F47-6084921D0862}.Release|Any CPU.ActiveCfg = Release|Any CPU
		{B2EE8400-B120-473E-9F47-6084921D0862}.Release|Any CPU.Build.0 = Release|Any CPU
		{8323A828-0F03-4AB3-9D2E-5EF1FC210AC6}.Debug|Any CPU.ActiveCfg = Debug|Any CPU
		{8323A828-0F03-4AB3-9D2E-5EF1FC210AC6}.Debug|Any CPU.Build.0 = Debug|Any CPU
		{8323A828-0F03-4AB3-9D2E-5EF1FC210AC6}.Release|Any CPU.ActiveCfg = Release|Any CPU
		{8323A828-0F03-4AB3-9D2E-5EF1FC210AC6}.Release|Any CPU.Build.0 = Release|Any CPU
		{FC02DF9F-C407-405D-9492-9CCB0F4FD084}.Debug|Any CPU.ActiveCfg = Debug|Any CPU
		{FC02DF9F-C407-405D-9492-9CCB0F4FD084}.Debug|Any CPU.Build.0 = Debug|Any CPU
		{FC02DF9F-C407-405D-9492-9CCB0F4FD084}.Release|Any CPU.ActiveCfg = Release|Any CPU
		{FC02DF9F-C407-405D-9492-9CCB0F4FD084}.Release|Any CPU.Build.0 = Release|Any CPU
	EndGlobalSection
	GlobalSection(SolutionProperties) = preSolution
		HideSolutionNode = FALSE
	EndGlobalSection
EndGlobal
